{
  "name": "sfc-ext-video-enhance",
  "version": "1.0.0",
  "lockfileVersion": 2,
  "requires": true,
  "packages": {
    "": {
      "name": "sfc-ext-video-enhance",
      "version": "1.0.0",
      "license": "ISC",
      "dependencies": {
        "libpgs": "^0.8.1"
      }
    },
    "node_modules/libpgs": {
      "version": "0.8.1",
      "resolved": "https://registry.npmjs.org/libpgs/-/libpgs-0.8.1.tgz",
      "integrity": "sha512-Z8WCvHRYr37QjU8b2WqiJpCvnoojbYPtoE4FktwdI+m+b1QkNIKqrYQrlPKG1xvYyQWgV1j+16xjFOhun4nBUA==",
      "license": "MIT"
    }
  },
  "dependencies": {
    "libpgs": {
      "version": "0.8.1",
      "resolved": "https://registry.npmjs.org/libpgs/-/libpgs-0.8.1.tgz",
      "integrity": "sha512-Z8WCvHRYr37QjU8b2WqiJpCvnoojbYPtoE4FktwdI+m+b1QkNIKqrYQrlPKG1xvYyQWgV1j+16xjFOhun4nBUA=="
    }
  }
}
