{
  "name": "sfc-ext-video-enhance",
  "version": "1.0.0",
  "lockfileVersion": 2,
  "requires": true,
  "packages": {
    "": {
      "name": "sfc-ext-video-enhance",
      "version": "1.0.0",
      "license": "ISC",
      "dependencies": {
        "assjs": "^0.0.11"
      }
    },
    "node_modules/assjs": {
      "version": "0.0.11",
      "resolved": "https://registry.npmjs.org/assjs/-/assjs-0.0.11.tgz",
      "integrity": "sha512-4h55j9RzOeDSWz93NPNb/+r9oycXHthaTk/LOV2eENIRK+WbaixEn2bjuMsYYCYTxab03F/8fMkwU6jfrbvKCg=="
    }
  },
  "dependencies": {
    "assjs": {
      "version": "0.0.11",
      "resolved": "https://registry.npmjs.org/assjs/-/assjs-0.0.11.tgz",
      "integrity": "sha512-4h55j9RzOeDSWz93NPNb/+r9oycXHthaTk/LOV2eENIRK+WbaixEn2bjuMsYYCYTxab03F/8fMkwU6jfrbvKCg=="
    }
  }
}
